
Microsoft Visual Studio Solution File, Format Version 12.00
# Visual Studio Version 16
VisualStudioVersion = 16.0.30503.244
MinimumVisualStudioVersion = 10.0.40219.1
Project("{FAE04EC0-301F-11D3-BF4B-00C04F79EFBC}") = "Hokemon", "Hokemon\Hokemon.csproj", "{B1E7ED29-EA7C-4800-B1A0-B3772B0C08D9}"
EndProject
Global
	GlobalSection(SolutionConfigurationPlatforms) = preSolution
		Debug|Any CPU = Debug|Any CPU
		Release|Any CPU = Release|Any CPU
	EndGlobalSection
	GlobalSection(ProjectConfigurationPlatforms) = postSolution
		{B1E7ED29-EA7C-4800-B1A0-B3772B0C08D9}.Debug|Any CPU.ActiveCfg = Debug|Any CPU
		{B1E7ED29-EA7C-4800-B1A0-B3772B0C08D9}.Debug|Any CPU.Build.0 = Debug|Any CPU
		{B1E7ED29-EA7C-4800-B1A0-B3772B0C08D9}.Release|Any CPU.ActiveCfg = Release|Any CPU
		{B1E7ED29-EA7C-4800-B1A0-B3772B0C08D9}.Release|Any CPU.Build.0 = Release|Any CPU
	EndGlobalSection
	GlobalSection(SolutionProperties) = preSolution
		HideSolutionNode = FALSE
	EndGlobalSection
	GlobalSection(ExtensibilityGlobals) = postSolution
		SolutionGuid = {AB38C8E2-6AC8-40E1-A930-F772C764BDE1}
	EndGlobalSection
EndGlobal
